# THIS IS AN AUTOGENERATED FILE. DO NOT EDIT THIS FILE DIRECTLY.
# yarn lockfile v1


"@microsoft/applicationinsights-analytics-js@2.7.1":
  version "2.7.1"
  resolved "https://registry.yarnpkg.com/@microsoft/applicationinsights-analytics-js/-/applicationinsights-analytics-js-2.7.1.tgz#b4cfabc228fb65d6ec9b894abc3c7e455d91de86"
  integrity sha512-t4+jSXxcYGel/AK59RJjdmXaO50E7q5eTLUxgvEA/w0ZNSvNvr68Hz8pIvL/9BvpxhtashoC47IUCxRj+aaQ4g==
  dependencies:
    "@microsoft/applicationinsights-common" "2.7.1"
    "@microsoft/applicationinsights-core-js" "2.7.1"
    "@microsoft/applicationinsights-shims" "2.0.0"
    "@microsoft/dynamicproto-js" "^1.1.4"

"@microsoft/applicationinsights-channel-js@2.7.1":
  version "2.7.1"
  resolved "https://registry.yarnpkg.com/@microsoft/applicationinsights-channel-js/-/applicationinsights-channel-js-2.7.1.tgz#6c69140973a3c38fa4c1a9903f0ac3b05f3e4da3"
  integrity sha512-joNPxhkz/BbLY7A50L7MI0UtXP1p/Z9XEPrGazIKwcDmYkQXroz2/Hj0kmfz/IjCAS4S6J51wSOFr6KV8+o+oQ==
  dependencies:
    "@microsoft/applicationinsights-common" "2.7.1"
    "@microsoft/applicationinsights-core-js" "2.7.1"
    "@microsoft/applicationinsights-shims" "2.0.0"
    "@microsoft/dynamicproto-js" "^1.1.4"

"@microsoft/applicationinsights-common@2.7.1":
  version "2.7.1"
  resolved "https://registry.yarnpkg.com/@microsoft/applicationinsights-common/-/applicationinsights-common-2.7.1.tgz#3e80519bb1105a3223051000e285baa2b392ef2e"
  integrity sha512-s/H9P2Ufd1IyA4EgbJtfksMA6b60vb3aAWw0MKNicRnyMBfBfLM52E4kQJCyKMH6JTLRNtyKsY4bx8116cI97A==
  dependencies:
    "@microsoft/applicationinsights-core-js" "2.7.1"
    "@microsoft/applicationinsights-shims" "2.0.0"
    "@microsoft/dynamicproto-js" "^1.1.4"

"@microsoft/applicationinsights-core-js@2.7.1":
  version "2.7.1"
  resolved "https://registry.yarnpkg.com/@microsoft/applicationinsights-core-js/-/applicationinsights-core-js-2.7.1.tgz#2b494f7a1504e64c3aa925b7ff12925d22cc0912"
  integrity sha512-hGo5KowEPd+Eb3mxOoRZ84D0oMpLmNLE8sIMPjOUqvR8v7Q1l7M7uM0nWMyS38QqBOQ4ZEEqP02WNW3klATt0w==
  dependencies:
    "@microsoft/applicationinsights-shims" "2.0.0"
    "@microsoft/dynamicproto-js" "^1.1.4"

"@microsoft/applicationinsights-dependencies-js@2.7.1":
  version "2.7.1"
  resolved "https://registry.yarnpkg.com/@microsoft/applicationinsights-dependencies-js/-/applicationinsights-dependencies-js-2.7.1.tgz#a0d9356281e9c6b9d6eddcd9ef11f707f2341cad"
  integrity sha512-eL/hdPDhCMH9GealvjqddBRk+xxph9UPhRqgtLK7FKu/depNgh6/T70OOV5fi4rSe/+f0jIsirn9+v6a03Q5PA==
  dependencies:
    "@microsoft/applicationinsights-common" "2.7.1"
    "@microsoft/applicationinsights-core-js" "2.7.1"
    "@microsoft/applicationinsights-shims" "2.0.0"
    "@microsoft/dynamicproto-js" "^1.1.4"

"@microsoft/applicationinsights-properties-js@2.7.1":
  version "2.7.1"
  resolved "https://registry.yarnpkg.com/@microsoft/applicationinsights-properties-js/-/applicationinsights-properties-js-2.7.1.tgz#d131d3f5f66fd93fd9c430a470fed99005ff71a1"
  integrity sha512-pAyMczultso5jPo5h5ZaO+jGsOM4TIUH9LrV3jofFQUDNrZ1kyglf17k8hl1wNWp+6v1zZ9OwUiEYsyvhq5k4g==
  dependencies:
    "@microsoft/applicationinsights-common" "2.7.1"
    "@microsoft/applicationinsights-core-js" "2.7.1"
    "@microsoft/applicationinsights-shims" "2.0.0"
    "@microsoft/dynamicproto-js" "^1.1.4"

"@microsoft/applicationinsights-shims@2.0.0":
  version "2.0.0"
  resolved "https://registry.yarnpkg.com/@microsoft/applicationinsights-shims/-/applicationinsights-shims-2.0.0.tgz#ee622588f14e58ae3c055b12431da8ed55d71991"
  integrity sha512-OaKew7f7acuNFgKYjMSPrRTRQi93xUyONWeeCeBlJSx7oRNJaL0TqbTvW6j5GHnSr3mhinPtAQ+rCQWASBnOrg==

"@microsoft/applicationinsights-web@2.7.1":
  version "2.7.1"
  resolved "https://registry.yarnpkg.com/@microsoft/applicationinsights-web/-/applicationinsights-web-2.7.1.tgz#7891a25ecfb8cbf02f6c894538b68706419575e8"
  integrity sha512-P6w1kQB3L/CZdm66Xw2kaVKrjDc2twd5UYBKSTcbTt/OJj/MMDlMejSn3/N1eMzsLqHn6SN3lHCnlDZKCJ+ZSg==
  dependencies:
    "@microsoft/applicationinsights-analytics-js" "2.7.1"
    "@microsoft/applicationinsights-channel-js" "2.7.1"
    "@microsoft/applicationinsights-common" "2.7.1"
    "@microsoft/applicationinsights-core-js" "2.7.1"
    "@microsoft/applicationinsights-dependencies-js" "2.7.1"
    "@microsoft/applicationinsights-properties-js" "2.7.1"
    "@microsoft/applicationinsights-shims" "2.0.0"
    "@microsoft/dynamicproto-js" "^1.1.4"

"@microsoft/dynamicproto-js@^1.1.4":
  version "1.1.4"
  resolved "https://registry.yarnpkg.com/@microsoft/dynamicproto-js/-/dynamicproto-js-1.1.4.tgz#40e1c0ad20743fcee1604a7df2c57faf0aa1af87"
  integrity sha512-Ot53G927ykMF8cQ3/zq4foZtdk+Tt1YpX7aUTHxBU7UHNdkEiBvBfZSq+rnlUmKCJ19VatwPG4mNzvcGpBj4og==

"@vscode/vscode-languagedetection@1.0.21":
  version "1.0.21"
  resolved "https://registry.yarnpkg.com/@vscode/vscode-languagedetection/-/vscode-languagedetection-1.0.21.tgz#89b48f293f6aa3341bb888c1118d16ff13b032d3"
  integrity sha512-zSUH9HYCw5qsCtd7b31yqkpaCU6jhtkKLkvOOA8yTrIRfBSOFb8PPhgmMicD7B/m+t4PwOJXzU1XDtrM9Fd3/g==

iconv-lite-umd@0.6.10:
  version "0.6.10"
  resolved "https://registry.yarnpkg.com/iconv-lite-umd/-/iconv-lite-umd-0.6.10.tgz#faec47521e095b8e3a7175ae08e1b4ae0359a735"
  integrity sha512-8NtgTa/m1jVq7vdywmD5+SqIlZsB59wtsjaylQuExyCojMq1tHVQxmHjeqVSYwKwnmQbH4mZ1Dxx1eqDkPgaqA==

jschardet@3.0.0:
  version "3.0.0"
  resolved "https://registry.yarnpkg.com/jschardet/-/jschardet-3.0.0.tgz#898d2332e45ebabbdb6bf2feece9feea9a99e882"
  integrity sha512-lJH6tJ77V8Nzd5QWRkFYCLc13a3vADkh3r/Fi8HupZGWk2OVVDfnZP8V/VgQgZ+lzW0kG2UGb5hFgt3V3ndotQ==

tas-client-umd@0.1.4:
  version "0.1.4"
  resolved "https://registry.yarnpkg.com/tas-client-umd/-/tas-client-umd-0.1.4.tgz#49db4130dd63a8342fabf77185a740fc6a7bea80"
  integrity sha512-1hFqJeLD3ryNikniIaO7TItlXhS5vx7bJ+wbPDf8o+IifgwwOWK2ARisdEM9SnJd0ccfcwNPG6Po+RiKn5L2hg==

vscode-oniguruma@1.6.1:
  version "1.6.1"
  resolved "https://registry.yarnpkg.com/vscode-oniguruma/-/vscode-oniguruma-1.6.1.tgz#2bf4dfcfe3dd2e56eb549a3068c8ee39e6c30ce5"
  integrity sha512-vc4WhSIaVpgJ0jJIejjYxPvURJavX6QG41vu0mGhqywMkQqulezEqEQ3cO3gc8GvcOpX6ycmKGqRoROEMBNXTQ==

vscode-textmate@5.5.0:
  version "5.5.0"
  resolved "https://registry.yarnpkg.com/vscode-textmate/-/vscode-textmate-5.5.0.tgz#d83776562c07d1e3181c2c7f1b3d5f20afcab483"
  integrity sha512-jToQkPGMNKn0eyKyitYeINJF0NoD240aYyKPIWJv5W2jfPt++jIRg0OSergubtGhbw6SoefkvBYEpX7TsfoSUQ==

xterm-addon-search@0.9.0-beta.6:
  version "0.9.0-beta.6"
  resolved "https://registry.yarnpkg.com/xterm-addon-search/-/xterm-addon-search-0.9.0-beta.6.tgz#8b016baac5580dc0ba93bb52610bc4f5776d3b17"
  integrity sha512-UAEzas4O+NrF7BSGf0C9N5ngAkmbtr/hSTFvLAM/Rw7EfLUatf8aLMqAWZTggRGMwDjuqR0GXJI4+e5QrJhQfw==

xterm-addon-unicode11@0.4.0-beta.1:
  version "0.4.0-beta.1"
  resolved "https://registry.yarnpkg.com/xterm-addon-unicode11/-/xterm-addon-unicode11-0.4.0-beta.1.tgz#aeefd26e87bad15d8dfd8a1e0b804fe408c9b882"
  integrity sha512-pG8mpxnqpYDry0e20vuEFKhd4kKIcLLNwdNftNvfo+R/EjYRnTYnF+H8L+7eQHq6hqDH61xCEP4H4qR2CyT4pg==

xterm-addon-webgl@0.12.0-beta.16:
  version "0.12.0-beta.16"
  resolved "https://registry.yarnpkg.com/xterm-addon-webgl/-/xterm-addon-webgl-0.12.0-beta.16.tgz#63a0f1f5be9e66286e035448e2011e3065769ad5"
  integrity sha512-g6v3RegOhSsD9Zt8ArWBMNT30QyPUlIWEIvP/xLHAluUZ1S5sDjFyZDB0nJAyn9MwQozJpwb0ylYO1nznN/TzA==

xterm@4.16.0-beta.2:
  version "4.16.0-beta.2"
  resolved "https://registry.yarnpkg.com/xterm/-/xterm-4.16.0-beta.2.tgz#251beef21a232143f272da74c7005bc4d832ca79"
  integrity sha512-PD0agueJ7qvbn1/QhZriAQXf+ykaoPKgQN9qiIGf88VMxHs8T47MYHW/+qPsrXagTmbrENtncughTIzOzv8Q5Q==
