# THIS IS AN AUTOGENERATED FILE. DO NOT EDIT THIS FILE DIRECTLY.
# yarn lockfile v1


"@types/mocha@8.2.3":
  version "8.2.3"
  resolved "https://registry.yarnpkg.com/@types/mocha/-/mocha-8.2.3.tgz#bbeb55fbc73f28ea6de601fbfa4613f58d785323"
  integrity sha512-ekGvFhFgrc2zYQoX4JeZPmVzZxw6Dtllga7iGHzfbYIYkAMUx/sAFP2GdFpLff+vdHXu5fl7WX9AT+TtqYcsyw==

"@types/node@14.x":
  version "14.14.43"
  resolved "https://registry.yarnpkg.com/@types/node/-/node-14.14.43.tgz#26bcbb0595b305400e8ceaf9a127a7f905ae49c8"
  integrity sha512-3pwDJjp1PWacPTpH0LcfhgjvurQvrZFBrC6xxjaUEZ7ifUtT32jtjPxEMMblpqd2Mvx+k8haqQJLQxolyGN/cQ==
